
Microsoft Visual Studio Solution File, Format Version 12.00
# Visual Studio Version 17
VisualStudioVersion = 17.1.32414.318
MinimumVisualStudioVersion = 10.0.40219.1
Project("{FAE04EC0-301F-11D3-BF4B-00C04F79EFBC}") = "PDC03_MOD3.Android", "PDC03_MOD3.Android\PDC03_MOD3.Android.csproj", "{BEAC8D09-A727-4D20-AA97-C084190BC1E8}"
EndProject
Project("{FAE04EC0-301F-11D3-BF4B-00C04F79EFBC}") = "PDC03_MOD3", "PDC03_MOD3\PDC03_MOD3.csproj", "{D6B47886-E7EB-4E32-8915-1A556A00CF22}"
EndProject
Global
	GlobalSection(SolutionConfigurationPlatforms) = preSolution
		Debug|Any CPU = Debug|Any CPU
		Release|Any CPU = Release|Any CPU
	EndGlobalSection
	GlobalSection(ProjectConfigurationPlatforms) = postSolution
		{BEAC8D09-A727-4D20-AA97-C084190BC1E8}.Debug|Any CPU.ActiveCfg = Debug|Any CPU
		{BEAC8D09-A727-4D20-AA97-C084190BC1E8}.Debug|Any CPU.Build.0 = Debug|Any CPU
		{BEAC8D09-A727-4D20-AA97-C084190BC1E8}.Debug|Any CPU.Deploy.0 = Debug|Any CPU
		{BEAC8D09-A727-4D20-AA97-C084190BC1E8}.Release|Any CPU.ActiveCfg = Release|Any CPU
		{BEAC8D09-A727-4D20-AA97-C084190BC1E8}.Release|Any CPU.Build.0 = Release|Any CPU
		{BEAC8D09-A727-4D20-AA97-C084190BC1E8}.Release|Any CPU.Deploy.0 = Release|Any CPU
		{D6B47886-E7EB-4E32-8915-1A556A00CF22}.Debug|Any CPU.ActiveCfg = Debug|Any CPU
		{D6B47886-E7EB-4E32-8915-1A556A00CF22}.Debug|Any CPU.Build.0 = Debug|Any CPU
		{D6B47886-E7EB-4E32-8915-1A556A00CF22}.Debug|Any CPU.Deploy.0 = Debug|Any CPU
		{D6B47886-E7EB-4E32-8915-1A556A00CF22}.Release|Any CPU.ActiveCfg = Release|Any CPU
		{D6B47886-E7EB-4E32-8915-1A556A00CF22}.Release|Any CPU.Build.0 = Release|Any CPU
		{D6B47886-E7EB-4E32-8915-1A556A00CF22}.Release|Any CPU.Deploy.0 = Release|Any CPU
	EndGlobalSection
	GlobalSection(SolutionProperties) = preSolution
		HideSolutionNode = FALSE
	EndGlobalSection
	GlobalSection(ExtensibilityGlobals) = postSolution
		SolutionGuid = {6605D94C-E01B-401C-AFDD-153E8DF10502}
	EndGlobalSection
EndGlobal
